<?xml version="1.0" encoding="utf-8"?>
<Project ToolsVersion="4.0" xmlns="http://schemas.microsoft.com/developer/msbuild/2003">
  <ItemGroup>
    <Filter Include="Source Files">
      <UniqueIdentifier>{4FC737F1-C7A5-4376-A066-2A32D752A2FF}</UniqueIdentifier>
      <Extensions>cpp;c;cc;cxx;def;odl;idl;hpj;bat;asm;asmx</Extensions>
    </Filter>
    <Filter Include="Header Files">
      <UniqueIdentifier>{93995380-89BD-4b04-88EB-625FBE52EBFB}</UniqueIdentifier>
      <Extensions>h;hh;hpp;hxx;hm;inl;inc;xsd</Extensions>
    </Filter>
    <Filter Include="Resource Files">
      <UniqueIdentifier>{67DA6AB6-F800-4c08-8B7A-83BB121AAD01}</UniqueIdentifier>
      <Extensions>rc;ico;cur;bmp;dlg;rc2;rct;bin;rgs;gif;jpg;jpeg;jpe;resx;tiff;tif;png;wav;mfcribbon-ms</Extensions>
    </Filter>
    <Filter Include="Resource Files\images">
      <UniqueIdentifier>{909a8a0d-c4cb-4610-9d47-8f639084c9ec}</UniqueIdentifier>
    </Filter>
    <Filter Include="Resource Files\shaders">
      <UniqueIdentifier>{6a8bed5e-ce15-4198-9ac8-198cfba004f8}</UniqueIdentifier>
    </Filter>
    <Filter Include="Resource Files\models">
      <UniqueIdentifier>{2d003ab4-5f78-4192-b17c-607aa34540c9}</UniqueIdentifier>
    </Filter>
  </ItemGroup>
  <ItemGroup>
    <ClCompile Include="Main.cpp">
      <Filter>Source Files</Filter>
    </ClCompile>
    <ClCompile Include="glad.c">
      <Filter>Source Files</Filter>
    </ClCompile>
    <ClCompile Include="sqlite3.c">
      <Filter>Source Files</Filter>
    </ClCompile>
    <ClCompile Include="entity_model.cpp">
      <Filter>Source Files</Filter>
    </ClCompile>
  </ItemGroup>
  <ItemGroup>
    <None Include="shaders\Shell.fs">
      <Filter>Resource Files\shaders</Filter>
    </None>
    <None Include="shaders\Shell.vs">
      <Filter>Resource Files\shaders</Filter>
    </None>
    <None Include="models\cube_uv\cube_uv.blend">
      <Filter>Resource Files\models</Filter>
    </None>
    <None Include="models\Grass Free\Blends\Grass.blend">
      <Filter>Resource Files\models</Filter>
    </None>
    <None Include="models\Grass Free\Blends\Weeds.blend">
      <Filter>Resource Files\models</Filter>
    </None>
  </ItemGroup>
  <ItemGroup>
    <Image Include="images\awesomeface.png">
      <Filter>Resource Files\images</Filter>
    </Image>
    <Image Include="images\container.jpg">
      <Filter>Resource Files\images</Filter>
    </Image>
  </ItemGroup>
  <ItemGroup>
    <ClInclude Include="include\camera.h">
      <Filter>Header Files</Filter>
    </ClInclude>
    <ClInclude Include="include\Drawable.h">
      <Filter>Header Files</Filter>
    </ClInclude>
    <ClInclude Include="include\entity.h">
      <Filter>Header Files</Filter>
    </ClInclude>
    <ClInclude Include="include\shader.h">
      <Filter>Header Files</Filter>
    </ClInclude>
    <ClInclude Include="include\stb_image.h">
      <Filter>Header Files</Filter>
    </ClInclude>
    <ClInclude Include="include\sqlite3.h">
      <Filter>Header Files</Filter>
    </ClInclude>
    <ClInclude Include="include\collider.h">
      <Filter>Header Files</Filter>
    </ClInclude>
    <ClInclude Include="include\entity_model.h">
      <Filter>Header Files</Filter>
    </ClInclude>
    <ClInclude Include="include\game_entity.h">
      <Filter>Header Files</Filter>
    </ClInclude>
    <ClInclude Include="include\Motion.h">
      <Filter>Header Files</Filter>
    </ClInclude>
    <ClInclude Include="include\timer.h">
      <Filter>Header Files</Filter>
    </ClInclude>
    <ClInclude Include="include\world.h">
      <Filter>Header Files</Filter>
    </ClInclude>
    <ClInclude Include="include\Octree.h">
      <Filter>Header Files</Filter>
    </ClInclude>
    <ClInclude Include="include\structs_enums.h">
      <Filter>Header Files</Filter>
    </ClInclude>
  </ItemGroup>
  <ItemGroup>
    <Object Include="models\cube_uv\cube_uv.obj">
      <Filter>Resource Files\models</Filter>
    </Object>
  </ItemGroup>
</Project>